
Microsoft Visual Studio Solution File, Format Version 11.00
# Visual Studio 2010
Project("{FAE04EC0-301F-11D3-BF4B-00C04F79EFBC}") = "Project Dobbinator", "Assembly-CSharp-firstpass.csproj", "{C8BA2E23-D5C5-8755-7AE4-57EC43F9C3FB}"
EndProject
Project("{FAE04EC0-301F-11D3-BF4B-00C04F79EFBC}") = "Project Dobbinator", "Assembly-CSharp.csproj", "{5FEAE109-7776-3C2F-AB0B-61275CA7EDA1}"
EndProject
Project("{FAE04EC0-301F-11D3-BF4B-00C04F79EFBC}") = "Project Dobbinator", "Assembly-CSharp-Editor-firstpass.csproj", "{D5C5721A-29F3-A8E1-3792-23FD2DB8F84E}"
EndProject
Project("{FAE04EC0-301F-11D3-BF4B-00C04F79EFBC}") = "Project Dobbinator", "Assembly-CSharp-Editor.csproj", "{91A4EBB9-D090-BCC8-1933-EF9FD3CA7645}"
EndProject
Global
	GlobalSection(SolutionConfigurationPlatforms) = preSolution
		Debug|Any CPU = Debug|Any CPU
		Release|Any CPU = Release|Any CPU
	EndGlobalSection
	GlobalSection(ProjectConfigurationPlatforms) = postSolution
		{C8BA2E23-D5C5-8755-7AE4-57EC43F9C3FB}.Debug|Any CPU.ActiveCfg = Debug|Any CPU
		{C8BA2E23-D5C5-8755-7AE4-57EC43F9C3FB}.Debug|Any CPU.Build.0 = Debug|Any CPU
		{C8BA2E23-D5C5-8755-7AE4-57EC43F9C3FB}.Release|Any CPU.ActiveCfg = Release|Any CPU
		{C8BA2E23-D5C5-8755-7AE4-57EC43F9C3FB}.Release|Any CPU.Build.0 = Release|Any CPU
		{5FEAE109-7776-3C2F-AB0B-61275CA7EDA1}.Debug|Any CPU.ActiveCfg = Debug|Any CPU
		{5FEAE109-7776-3C2F-AB0B-61275CA7EDA1}.Debug|Any CPU.Build.0 = Debug|Any CPU
		{5FEAE109-7776-3C2F-AB0B-61275CA7EDA1}.Release|Any CPU.ActiveCfg = Release|Any CPU
		{5FEAE109-7776-3C2F-AB0B-61275CA7EDA1}.Release|Any CPU.Build.0 = Release|Any CPU
		{D5C5721A-29F3-A8E1-3792-23FD2DB8F84E}.Debug|Any CPU.ActiveCfg = Debug|Any CPU
		{D5C5721A-29F3-A8E1-3792-23FD2DB8F84E}.Debug|Any CPU.Build.0 = Debug|Any CPU
		{D5C5721A-29F3-A8E1-3792-23FD2DB8F84E}.Release|Any CPU.ActiveCfg = Release|Any CPU
		{D5C5721A-29F3-A8E1-3792-23FD2DB8F84E}.Release|Any CPU.Build.0 = Release|Any CPU
		{91A4EBB9-D090-BCC8-1933-EF9FD3CA7645}.Debug|Any CPU.ActiveCfg = Debug|Any CPU
		{91A4EBB9-D090-BCC8-1933-EF9FD3CA7645}.Debug|Any CPU.Build.0 = Debug|Any CPU
		{91A4EBB9-D090-BCC8-1933-EF9FD3CA7645}.Release|Any CPU.ActiveCfg = Release|Any CPU
		{91A4EBB9-D090-BCC8-1933-EF9FD3CA7645}.Release|Any CPU.Build.0 = Release|Any CPU
	EndGlobalSection
	GlobalSection(SolutionProperties) = preSolution
		HideSolutionNode = FALSE
	EndGlobalSection
	GlobalSection(MonoDevelopProperties) = preSolution
		StartupItem = Assembly-CSharp.csproj
	EndGlobalSection
EndGlobal
